
Microsoft Visual Studio Solution File, Format Version 12.00
# Visual Studio 15
VisualStudioVersion = 15.0.28307.539
MinimumVisualStudioVersion = 10.0.40219.1
Project("{FAE04EC0-301F-11D3-BF4B-00C04F79EFBC}") = "Hospital", "Hospital\Hospital.csproj", "{0FDBB5A0-A3C3-4CA1-9497-99261715EFC5}"
EndProject
Global
	GlobalSection(SolutionConfigurationPlatforms) = preSolution
		Debug|Any CPU = Debug|Any CPU
		Release|Any CPU = Release|Any CPU
	EndGlobalSection
	GlobalSection(ProjectConfigurationPlatforms) = postSolution
		{0FDBB5A0-A3C3-4CA1-9497-99261715EFC5}.Debug|Any CPU.ActiveCfg = Debug|Any CPU
		{0FDBB5A0-A3C3-4CA1-9497-99261715EFC5}.Debug|Any CPU.Build.0 = Debug|Any CPU
		{0FDBB5A0-A3C3-4CA1-9497-99261715EFC5}.Release|Any CPU.ActiveCfg = Release|Any CPU
		{0FDBB5A0-A3C3-4CA1-9497-99261715EFC5}.Release|Any CPU.Build.0 = Release|Any CPU
	EndGlobalSection
	GlobalSection(SolutionProperties) = preSolution
		HideSolutionNode = FALSE
	EndGlobalSection
	GlobalSection(ExtensibilityGlobals) = postSolution
		SolutionGuid = {B328837F-D05F-44C6-AF65-65089015DC39}
	EndGlobalSection
EndGlobal
